
Microsoft Visual Studio Solution File, Format Version 12.00
# Visual Studio Version 16
VisualStudioVersion = 16.0.29519.181
MinimumVisualStudioVersion = 10.0.40219.1
Project("{9A19103F-16F7-4668-BE54-9A1E7A4F7556}") = "Serilog.ThrowContext", "Serilog.ThrowContext\Serilog.ThrowContext.csproj", "{42BF7183-AAC3-4FAC-BDC8-0D3FC8F70A69}"
EndProject
Project("{9A19103F-16F7-4668-BE54-9A1E7A4F7556}") = "ExampleApp", "ExampleApp\ExampleApp.csproj", "{166E1779-3E23-4FE6-A940-525A89F89D3F}"
EndProject
Project("{9A19103F-16F7-4668-BE54-9A1E7A4F7556}") = "Serilog.ThrowContext.Tests", "Serilog.ThrowContext.Tests\Serilog.ThrowContext.Tests.csproj", "{16AA1E39-4BEE-4335-99DB-C808CF8103C8}"
EndProject
Project("{2150E333-8FDC-42A3-9474-1A3956D46DE8}") = "Samples", "Samples", "{1EFD4BDC-FDBF-4062-AE7D-013E345C429F}"
EndProject
Project("{9A19103F-16F7-4668-BE54-9A1E7A4F7556}") = "AspNetCoreSample", "Samples\AspNetCoreSample\AspNetCoreSample.csproj", "{424B8CF2-740B-48B2-9531-F5CC7F108F29}"
	ProjectSection(ProjectDependencies) = postProject
		{42BF7183-AAC3-4FAC-BDC8-0D3FC8F70A69} = {42BF7183-AAC3-4FAC-BDC8-0D3FC8F70A69}
	EndProjectSection
EndProject
Global
	GlobalSection(SolutionConfigurationPlatforms) = preSolution
		Debug|Any CPU = Debug|Any CPU
		Release|Any CPU = Release|Any CPU
	EndGlobalSection
	GlobalSection(ProjectConfigurationPlatforms) = postSolution
		{42BF7183-AAC3-4FAC-BDC8-0D3FC8F70A69}.Debug|Any CPU.ActiveCfg = Debug|Any CPU
		{42BF7183-AAC3-4FAC-BDC8-0D3FC8F70A69}.Debug|Any CPU.Build.0 = Debug|Any CPU
		{42BF7183-AAC3-4FAC-BDC8-0D3FC8F70A69}.Release|Any CPU.ActiveCfg = Release|Any CPU
		{42BF7183-AAC3-4FAC-BDC8-0D3FC8F70A69}.Release|Any CPU.Build.0 = Release|Any CPU
		{166E1779-3E23-4FE6-A940-525A89F89D3F}.Debug|Any CPU.ActiveCfg = Debug|Any CPU
		{166E1779-3E23-4FE6-A940-525A89F89D3F}.Debug|Any CPU.Build.0 = Debug|Any CPU
		{166E1779-3E23-4FE6-A940-525A89F89D3F}.Release|Any CPU.ActiveCfg = Release|Any CPU
		{166E1779-3E23-4FE6-A940-525A89F89D3F}.Release|Any CPU.Build.0 = Release|Any CPU
		{16AA1E39-4BEE-4335-99DB-C808CF8103C8}.Debug|Any CPU.ActiveCfg = Debug|Any CPU
		{16AA1E39-4BEE-4335-99DB-C808CF8103C8}.Debug|Any CPU.Build.0 = Debug|Any CPU
		{16AA1E39-4BEE-4335-99DB-C808CF8103C8}.Release|Any CPU.ActiveCfg = Release|Any CPU
		{16AA1E39-4BEE-4335-99DB-C808CF8103C8}.Release|Any CPU.Build.0 = Release|Any CPU
		{424B8CF2-740B-48B2-9531-F5CC7F108F29}.Debug|Any CPU.ActiveCfg = Debug|Any CPU
		{424B8CF2-740B-48B2-9531-F5CC7F108F29}.Debug|Any CPU.Build.0 = Debug|Any CPU
		{424B8CF2-740B-48B2-9531-F5CC7F108F29}.Release|Any CPU.ActiveCfg = Release|Any CPU
		{424B8CF2-740B-48B2-9531-F5CC7F108F29}.Release|Any CPU.Build.0 = Release|Any CPU
	EndGlobalSection
	GlobalSection(SolutionProperties) = preSolution
		HideSolutionNode = FALSE
	EndGlobalSection
	GlobalSection(NestedProjects) = preSolution
		{424B8CF2-740B-48B2-9531-F5CC7F108F29} = {1EFD4BDC-FDBF-4062-AE7D-013E345C429F}
	EndGlobalSection
	GlobalSection(ExtensibilityGlobals) = postSolution
		SolutionGuid = {74532A8B-7EFC-454B-85D5-738015E800B6}
	EndGlobalSection
EndGlobal
